
Microsoft Visual Studio Solution File, Format Version 12.00
# Visual Studio Version 16
VisualStudioVersion = 16.0.32802.440
MinimumVisualStudioVersion = 10.0.40219.1
Project("{FAE04EC0-301F-11D3-BF4B-00C04F79EFBC}") = "CarRental", "CarRental\CarRental.csproj", "{7D0AC05C-8F0F-405B-B238-5EFA243A3FFF}"
EndProject
Project("{FAE04EC0-301F-11D3-BF4B-00C04F79EFBC}") = "HireCar", "HireCar\HireCar.csproj", "{280CB0FC-7445-44DD-BC45-1C96B8B71BB8}"
EndProject
Global
	GlobalSection(SolutionConfigurationPlatforms) = preSolution
		Debug|Any CPU = Debug|Any CPU
		Release|Any CPU = Release|Any CPU
	EndGlobalSection
	GlobalSection(ProjectConfigurationPlatforms) = postSolution
		{7D0AC05C-8F0F-405B-B238-5EFA243A3FFF}.Debug|Any CPU.ActiveCfg = Debug|Any CPU
		{7D0AC05C-8F0F-405B-B238-5EFA243A3FFF}.Debug|Any CPU.Build.0 = Debug|Any CPU
		{7D0AC05C-8F0F-405B-B238-5EFA243A3FFF}.Release|Any CPU.ActiveCfg = Release|Any CPU
		{7D0AC05C-8F0F-405B-B238-5EFA243A3FFF}.Release|Any CPU.Build.0 = Release|Any CPU
		{280CB0FC-7445-44DD-BC45-1C96B8B71BB8}.Debug|Any CPU.ActiveCfg = Debug|Any CPU
		{280CB0FC-7445-44DD-BC45-1C96B8B71BB8}.Debug|Any CPU.Build.0 = Debug|Any CPU
		{280CB0FC-7445-44DD-BC45-1C96B8B71BB8}.Release|Any CPU.ActiveCfg = Release|Any CPU
		{280CB0FC-7445-44DD-BC45-1C96B8B71BB8}.Release|Any CPU.Build.0 = Release|Any CPU
	EndGlobalSection
	GlobalSection(SolutionProperties) = preSolution
		HideSolutionNode = FALSE
	EndGlobalSection
	GlobalSection(ExtensibilityGlobals) = postSolution
		SolutionGuid = {9D2355B9-4118-44E6-B35D-AAC4BFC84D95}
	EndGlobalSection
EndGlobal
